
Microsoft Visual Studio Solution File, Format Version 12.00
# Visual Studio Version 17
VisualStudioVersion = 17.0.31903.59
MinimumVisualStudioVersion = 10.0.40219.1
Project("{F2A71F9B-5D33-465A-A702-920D77279786}") = "Funtom.invisible", "Funtom.invisible\Funtom.invisible.fsproj", "{3E6D241A-1981-4169-A7E6-F21C754F2F3A}"
EndProject
Project("{F2A71F9B-5D33-465A-A702-920D77279786}") = "Funtom.invisible.console", "Funtom.invisible.console\Funtom.invisible.console.fsproj", "{B4D79E5B-860F-4C2D-AD59-59E7F4B53513}"
EndProject
Global
	GlobalSection(SolutionConfigurationPlatforms) = preSolution
		Debug|Any CPU = Debug|Any CPU
		Release|Any CPU = Release|Any CPU
	EndGlobalSection
	GlobalSection(SolutionProperties) = preSolution
		HideSolutionNode = FALSE
	EndGlobalSection
	GlobalSection(ProjectConfigurationPlatforms) = postSolution
		{3E6D241A-1981-4169-A7E6-F21C754F2F3A}.Debug|Any CPU.ActiveCfg = Debug|Any CPU
		{3E6D241A-1981-4169-A7E6-F21C754F2F3A}.Debug|Any CPU.Build.0 = Debug|Any CPU
		{3E6D241A-1981-4169-A7E6-F21C754F2F3A}.Release|Any CPU.ActiveCfg = Release|Any CPU
		{3E6D241A-1981-4169-A7E6-F21C754F2F3A}.Release|Any CPU.Build.0 = Release|Any CPU
		{B4D79E5B-860F-4C2D-AD59-59E7F4B53513}.Debug|Any CPU.ActiveCfg = Debug|Any CPU
		{B4D79E5B-860F-4C2D-AD59-59E7F4B53513}.Debug|Any CPU.Build.0 = Debug|Any CPU
		{B4D79E5B-860F-4C2D-AD59-59E7F4B53513}.Release|Any CPU.ActiveCfg = Release|Any CPU
		{B4D79E5B-860F-4C2D-AD59-59E7F4B53513}.Release|Any CPU.Build.0 = Release|Any CPU
	EndGlobalSection
EndGlobal
