
Microsoft Visual Studio Solution File, Format Version 12.00
# Visual Studio Version 17
VisualStudioVersion = 17.0.31903.59
MinimumVisualStudioVersion = 10.0.40219.1
Project("{F2A71F9B-5D33-465A-A702-920D77279786}") = "Funtom.experiment", "Funtom.experiment\Funtom.experiment.fsproj", "{54F64EA4-989B-4AC3-B123-B4CAEB687426}"
EndProject
Project("{F2A71F9B-5D33-465A-A702-920D77279786}") = "Funtom.experiment.console", "Funtom.experiment.console\Funtom.experiment.console.fsproj", "{614FB44D-095F-4A1F-820C-EE2EA554DC2C}"
EndProject
Global
	GlobalSection(SolutionConfigurationPlatforms) = preSolution
		Debug|Any CPU = Debug|Any CPU
		Release|Any CPU = Release|Any CPU
	EndGlobalSection
	GlobalSection(SolutionProperties) = preSolution
		HideSolutionNode = FALSE
	EndGlobalSection
	GlobalSection(ProjectConfigurationPlatforms) = postSolution
		{54F64EA4-989B-4AC3-B123-B4CAEB687426}.Debug|Any CPU.ActiveCfg = Debug|Any CPU
		{54F64EA4-989B-4AC3-B123-B4CAEB687426}.Debug|Any CPU.Build.0 = Debug|Any CPU
		{54F64EA4-989B-4AC3-B123-B4CAEB687426}.Release|Any CPU.ActiveCfg = Release|Any CPU
		{54F64EA4-989B-4AC3-B123-B4CAEB687426}.Release|Any CPU.Build.0 = Release|Any CPU
		{614FB44D-095F-4A1F-820C-EE2EA554DC2C}.Debug|Any CPU.ActiveCfg = Debug|Any CPU
		{614FB44D-095F-4A1F-820C-EE2EA554DC2C}.Debug|Any CPU.Build.0 = Debug|Any CPU
		{614FB44D-095F-4A1F-820C-EE2EA554DC2C}.Release|Any CPU.ActiveCfg = Release|Any CPU
		{614FB44D-095F-4A1F-820C-EE2EA554DC2C}.Release|Any CPU.Build.0 = Release|Any CPU
	EndGlobalSection
EndGlobal
