
Microsoft Visual Studio Solution File, Format Version 12.00
# Visual Studio Version 17
VisualStudioVersion = 17.8.34601.278
MinimumVisualStudioVersion = 10.0.40219.1
Project("{6EC3EE1D-3C4E-46DD-8F32-0CC8E7565705}") = "Funtom.winforms", "Funtom.winforms\Funtom.winforms.fsproj", "{94D1F6D9-1B3C-412C-85C8-2B9C435E377A}"
EndProject
Project("{6EC3EE1D-3C4E-46DD-8F32-0CC8E7565705}") = "Funtom.app", "Funtom.app\Funtom.app.fsproj", "{1D5B97BC-D1BF-4D6C-B919-3D5465C9BE3A}"
EndProject
Project("{9A19103F-16F7-4668-BE54-9A1E7A4F7556}") = "Winforms.sandbox", "Winforms.sandbox\Winforms.sandbox.csproj", "{2377418B-4C8A-4A6C-82E7-8299E0DE3057}"
EndProject
Project("{6EC3EE1D-3C4E-46DD-8F32-0CC8E7565705}") = "Funtom.winforms.lit", "Funtom.winforms.lit\Funtom.winforms.lit.fsproj", "{D07D1BBD-FC8C-4AD6-AD9F-B83CB5470824}"
EndProject
Project("{6EC3EE1D-3C4E-46DD-8F32-0CC8E7565705}") = "Funtom.winforms.lit.app", "Funtom.winforms.lit.app\Funtom.winforms.lit.app.fsproj", "{B96C47E7-4204-414A-AFBE-188C5B77EFCF}"
EndProject
Project("{F2A71F9B-5D33-465A-A702-920D77279786}") = "Funtom.app.exp", "Funtom.app.exp\Funtom.app.exp.fsproj", "{8C88C487-5135-4DE0-A40F-326B392DBAE1}"
EndProject
Global
	GlobalSection(SolutionConfigurationPlatforms) = preSolution
		Debug|Any CPU = Debug|Any CPU
		Release|Any CPU = Release|Any CPU
	EndGlobalSection
	GlobalSection(ProjectConfigurationPlatforms) = postSolution
		{94D1F6D9-1B3C-412C-85C8-2B9C435E377A}.Debug|Any CPU.ActiveCfg = Debug|Any CPU
		{94D1F6D9-1B3C-412C-85C8-2B9C435E377A}.Debug|Any CPU.Build.0 = Debug|Any CPU
		{94D1F6D9-1B3C-412C-85C8-2B9C435E377A}.Release|Any CPU.ActiveCfg = Release|Any CPU
		{94D1F6D9-1B3C-412C-85C8-2B9C435E377A}.Release|Any CPU.Build.0 = Release|Any CPU
		{1D5B97BC-D1BF-4D6C-B919-3D5465C9BE3A}.Debug|Any CPU.ActiveCfg = Debug|Any CPU
		{1D5B97BC-D1BF-4D6C-B919-3D5465C9BE3A}.Debug|Any CPU.Build.0 = Debug|Any CPU
		{1D5B97BC-D1BF-4D6C-B919-3D5465C9BE3A}.Release|Any CPU.ActiveCfg = Release|Any CPU
		{1D5B97BC-D1BF-4D6C-B919-3D5465C9BE3A}.Release|Any CPU.Build.0 = Release|Any CPU
		{2377418B-4C8A-4A6C-82E7-8299E0DE3057}.Debug|Any CPU.ActiveCfg = Debug|Any CPU
		{2377418B-4C8A-4A6C-82E7-8299E0DE3057}.Debug|Any CPU.Build.0 = Debug|Any CPU
		{2377418B-4C8A-4A6C-82E7-8299E0DE3057}.Release|Any CPU.ActiveCfg = Release|Any CPU
		{2377418B-4C8A-4A6C-82E7-8299E0DE3057}.Release|Any CPU.Build.0 = Release|Any CPU
		{D07D1BBD-FC8C-4AD6-AD9F-B83CB5470824}.Debug|Any CPU.ActiveCfg = Debug|Any CPU
		{D07D1BBD-FC8C-4AD6-AD9F-B83CB5470824}.Debug|Any CPU.Build.0 = Debug|Any CPU
		{D07D1BBD-FC8C-4AD6-AD9F-B83CB5470824}.Release|Any CPU.ActiveCfg = Release|Any CPU
		{D07D1BBD-FC8C-4AD6-AD9F-B83CB5470824}.Release|Any CPU.Build.0 = Release|Any CPU
		{B96C47E7-4204-414A-AFBE-188C5B77EFCF}.Debug|Any CPU.ActiveCfg = Debug|Any CPU
		{B96C47E7-4204-414A-AFBE-188C5B77EFCF}.Debug|Any CPU.Build.0 = Debug|Any CPU
		{B96C47E7-4204-414A-AFBE-188C5B77EFCF}.Release|Any CPU.ActiveCfg = Release|Any CPU
		{B96C47E7-4204-414A-AFBE-188C5B77EFCF}.Release|Any CPU.Build.0 = Release|Any CPU
		{8C88C487-5135-4DE0-A40F-326B392DBAE1}.Debug|Any CPU.ActiveCfg = Debug|Any CPU
		{8C88C487-5135-4DE0-A40F-326B392DBAE1}.Debug|Any CPU.Build.0 = Debug|Any CPU
		{8C88C487-5135-4DE0-A40F-326B392DBAE1}.Release|Any CPU.ActiveCfg = Release|Any CPU
		{8C88C487-5135-4DE0-A40F-326B392DBAE1}.Release|Any CPU.Build.0 = Release|Any CPU
	EndGlobalSection
	GlobalSection(SolutionProperties) = preSolution
		HideSolutionNode = FALSE
	EndGlobalSection
	GlobalSection(ExtensibilityGlobals) = postSolution
		SolutionGuid = {F523A4A3-77C9-4654-8635-298ABBECA2B7}
	EndGlobalSection
EndGlobal
